PODS:
  - device_info_plus (0.0.1):
    - Flutter
  - Firebase/CoreOnly (10.20.0):
    - FirebaseCore (= 10.20.0)
  - firebase_core (2.25.5):
    - Firebase/CoreOnly (= 10.20.0)
    - Flutter
  - FirebaseCore (10.20.0):
    - FirebaseCoreInternal (~> 10.0)
    - GoogleUtilities/Environment (~> 7.12)
    - GoogleUtilities/Logger (~> 7.12)
  - FirebaseCoreInternal (10.21.0):
    - "GoogleUtilities/NSData+zlib (~> 7.8)"
  - Flutter (1.0.0)
  - flutter_background_service_ios (0.0.3):
    - Flutter
  - geolocator_apple (1.2.0):
    - Flutter
  - GoogleUtilities/Environment (7.12.0):
    - PromisesObjC (< 3.0, >= 1.2)
  - GoogleUtilities/Logger (7.12.0):
    - GoogleUtilities/Environment
  - "GoogleUtilities/NSData+zlib (7.12.0)"
  - health (1.0.4):
    - Flutter
  - path_provider_foundation (0.0.1):
    - Flutter
    - FlutterMacOS
  - permission_handler_apple (9.3.0):
    - Flutter
  - PromisesObjC (2.3.1)
  - screen_state (1.0.0):
    - Flutter
  - sensors_plus (0.0.1):
    - Flutter

DEPENDENCIES:
  - device_info_plus (from `.symlinks/plugins/device_info_plus/ios`)
  - firebase_core (from `.symlinks/plugins/firebase_core/ios`)
  - Flutter (from `Flutter`)
  - flutter_background_service_ios (from `.symlinks/plugins/flutter_background_service_ios/ios`)
  - geolocator_apple (from `.symlinks/plugins/geolocator_apple/ios`)
  - health (from `.symlinks/plugins/health/ios`)
  - path_provider_foundation (from `.symlinks/plugins/path_provider_foundation/darwin`)
  - permission_handler_apple (from `.symlinks/plugins/permission_handler_apple/ios`)
  - screen_state (from `.symlinks/plugins/screen_state/ios`)
  - sensors_plus (from `.symlinks/plugins/sensors_plus/ios`)

SPEC REPOS:
  trunk:
    - Firebase
    - FirebaseCore
    - FirebaseCoreInternal
    - GoogleUtilities
    - PromisesObjC

EXTERNAL SOURCES:
  device_info_plus:
    :path: ".symlinks/plugins/device_info_plus/ios"
  firebase_core:
    :path: ".symlinks/plugins/firebase_core/ios"
  Flutter:
    :path: Flutter
  flutter_background_service_ios:
    :path: ".symlinks/plugins/flutter_background_service_ios/ios"
  geolocator_apple:
    :path: ".symlinks/plugins/geolocator_apple/ios"
  health:
    :path: ".symlinks/plugins/health/ios"
  path_provider_foundation:
    :path: ".symlinks/plugins/path_provider_foundation/darwin"
  permission_handler_apple:
    :path: ".symlinks/plugins/permission_handler_apple/ios"
  screen_state:
    :path: ".symlinks/plugins/screen_state/ios"
  sensors_plus:
    :path: ".symlinks/plugins/sensors_plus/ios"

SPEC CHECKSUMS:
  device_info_plus: c6fb39579d0f423935b0c9ce7ee2f44b71b9fce6
  Firebase: 10c8cb12fb7ad2ae0c09ffc86cd9c1ab392a0031
  firebase_core: c8628c7ce80f79439149549052bff22f6784fbf5
  FirebaseCore: 28045c1560a2600d284b9c45a904fe322dc890b6
  FirebaseCoreInternal: 43c1788eaeee9d1b97caaa751af567ce11010d00
  Flutter: e0871f40cf51350855a761d2e70bf5af5b9b5de7
  flutter_background_service_ios: e30e0d3ee69e4cee66272d0c78eacd48c2e94aac
  geolocator_apple: 9157311f654584b9bb72686c55fc02a97b73f461
  GoogleUtilities: 0759d1a57ebb953965c2dfe0ba4c82e95ccc2e34
  health: 5a380c0f6c4f619535845992993964293962e99e
  path_provider_foundation: 3784922295ac71e43754bd15e0653ccfd36a147c
  permission_handler_apple: 036b856153a2b1f61f21030ff725f3e6fece2b78
  PromisesObjC: c50d2056b5253dadbd6c2bea79b0674bd5a52fa4
  screen_state: a300ec05ec5606e1cdac06d5533f15ea5dd7c822
  sensors_plus: 42b9de1b8237675fa8d8121e4bb93be0f79fa61d

PODFILE CHECKSUM: 2a6df4ca40cab41ce0ca62f304e03f3f2f27dc16

COCOAPODS: 1.14.2
